
Microsoft Visual Studio Solution File, Format Version 12.00
# Visual Studio Version 17
VisualStudioVersion = 17.2.32602.215
MinimumVisualStudioVersion = 10.0.40219.1
Project("{FAE04EC0-301F-11D3-BF4B-00C04F79EFBC}") = "EXAME1", "EXAME1\EXAME1.csproj", "{7FA75DB1-8959-4FE2-A7DA-F5AF868D7488}"
EndProject
Global
	GlobalSection(SolutionConfigurationPlatforms) = preSolution
		Debug|Any CPU = Debug|Any CPU
		Release|Any CPU = Release|Any CPU
	EndGlobalSection
	GlobalSection(ProjectConfigurationPlatforms) = postSolution
		{7FA75DB1-8959-4FE2-A7DA-F5AF868D7488}.Debug|Any CPU.ActiveCfg = Debug|Any CPU
		{7FA75DB1-8959-4FE2-A7DA-F5AF868D7488}.Debug|Any CPU.Build.0 = Debug|Any CPU
		{7FA75DB1-8959-4FE2-A7DA-F5AF868D7488}.Release|Any CPU.ActiveCfg = Release|Any CPU
		{7FA75DB1-8959-4FE2-A7DA-F5AF868D7488}.Release|Any CPU.Build.0 = Release|Any CPU
	EndGlobalSection
	GlobalSection(SolutionProperties) = preSolution
		HideSolutionNode = FALSE
	EndGlobalSection
	GlobalSection(ExtensibilityGlobals) = postSolution
		SolutionGuid = {25B7820B-2702-49A6-8F81-4A38F9163CFF}
	EndGlobalSection
EndGlobal
